
Microsoft Visual Studio Solution File, Format Version 12.00
# Visual Studio Version 17
VisualStudioVersion = 17.7.34003.232
MinimumVisualStudioVersion = 10.0.40219.1
Project("{FAE04EC0-301F-11D3-BF4B-00C04F79EFBC}") = "Mosaic3", "Mosaic3\Mosaic3.csproj", "{278C655C-8168-4716-A56E-D37626F6511E}"
EndProject
Global
	GlobalSection(SolutionConfigurationPlatforms) = preSolution
		Debug|Any CPU = Debug|Any CPU
		Release|Any CPU = Release|Any CPU
	EndGlobalSection
	GlobalSection(ProjectConfigurationPlatforms) = postSolution
		{278C655C-8168-4716-A56E-D37626F6511E}.Debug|Any CPU.ActiveCfg = Debug|Any CPU
		{278C655C-8168-4716-A56E-D37626F6511E}.Debug|Any CPU.Build.0 = Debug|Any CPU
		{278C655C-8168-4716-A56E-D37626F6511E}.Release|Any CPU.ActiveCfg = Release|Any CPU
		{278C655C-8168-4716-A56E-D37626F6511E}.Release|Any CPU.Build.0 = Release|Any CPU
	EndGlobalSection
	GlobalSection(SolutionProperties) = preSolution
		HideSolutionNode = FALSE
	EndGlobalSection
	GlobalSection(ExtensibilityGlobals) = postSolution
		SolutionGuid = {0A40A08A-E170-45D6-81A0-6403D7D1CDA7}
	EndGlobalSection
EndGlobal
